
Microsoft Visual Studio Solution File, Format Version 12.00
# Visual Studio Version 17
VisualStudioVersion = 17.5.002.0
MinimumVisualStudioVersion = 10.0.40219.1
Project("{9A19103F-16F7-4668-BE54-9A1E7A4F7556}") = "Flashlightier-LC", "src/Flashlightier-LC/Flashlightier-LC.csproj", "{EB012E02-9821-4291-84AD-8A0816C9FB56}"
EndProject
Global
	GlobalSection(SolutionConfigurationPlatforms) = preSolution
		Debug|Any CPU = Debug|Any CPU
		Release|Any CPU = Release|Any CPU
	EndGlobalSection
	GlobalSection(ProjectConfigurationPlatforms) = postSolution
		{EB012E02-9821-4291-84AD-8A0816C9FB56}.Debug|Any CPU.ActiveCfg = Debug|Any CPU
		{EB012E02-9821-4291-84AD-8A0816C9FB56}.Debug|Any CPU.Build.0 = Debug|Any CPU
		{EB012E02-9821-4291-84AD-8A0816C9FB56}.Release|Any CPU.ActiveCfg = Release|Any CPU
		{EB012E02-9821-4291-84AD-8A0816C9FB56}.Release|Any CPU.Build.0 = Release|Any CPU
	EndGlobalSection
	GlobalSection(SolutionProperties) = preSolution
		HideSolutionNode = FALSE
	EndGlobalSection
	GlobalSection(ExtensibilityGlobals) = postSolution
		SolutionGuid = {AADB08DB-726D-42B1-8B01-41BAF84041B2}
	EndGlobalSection
EndGlobal
